
Microsoft Visual Studio Solution File, Format Version 12.00
# Visual Studio 15
VisualStudioVersion = 15.0.28307.1340
MinimumVisualStudioVersion = 10.0.40219.1
Project("{FAE04EC0-301F-11D3-BF4B-00C04F79EFBC}") = "MyDictionary", "MyDictionary\MyDictionary.csproj", "{AE2AA6A8-93F2-46BE-9B1B-0CD358C6BF68}"
EndProject
Global
	GlobalSection(SolutionConfigurationPlatforms) = preSolution
		Debug|Any CPU = Debug|Any CPU
		Release|Any CPU = Release|Any CPU
	EndGlobalSection
	GlobalSection(ProjectConfigurationPlatforms) = postSolution
		{AE2AA6A8-93F2-46BE-9B1B-0CD358C6BF68}.Debug|Any CPU.ActiveCfg = Debug|Any CPU
		{AE2AA6A8-93F2-46BE-9B1B-0CD358C6BF68}.Debug|Any CPU.Build.0 = Debug|Any CPU
		{AE2AA6A8-93F2-46BE-9B1B-0CD358C6BF68}.Release|Any CPU.ActiveCfg = Release|Any CPU
		{AE2AA6A8-93F2-46BE-9B1B-0CD358C6BF68}.Release|Any CPU.Build.0 = Release|Any CPU
	EndGlobalSection
	GlobalSection(SolutionProperties) = preSolution
		HideSolutionNode = FALSE
	EndGlobalSection
	GlobalSection(ExtensibilityGlobals) = postSolution
		SolutionGuid = {30767383-E8FC-4C10-9BFD-79D994307B0E}
	EndGlobalSection
EndGlobal
